Microsoft Visual Studio Solution File, Format Version 12.00
# Visual Studio 2012
Project("{FAE04EC0-301F-11D3-BF4B-00C04F79EFBC}") = "Project-IdS", "Project-IdS.csproj", "{A95F8458-25ED-4984-B794-E2B6C90D1406}"
EndProject
Global
	GlobalSection(SolutionConfigurationPlatforms) = preSolution
	Debug|Any CPU = Debug|Any CPU
	ExportDebug|Any CPU = ExportDebug|Any CPU
	ExportRelease|Any CPU = ExportRelease|Any CPU
	EndGlobalSection
	GlobalSection(ProjectConfigurationPlatforms) = postSolution
		{A95F8458-25ED-4984-B794-E2B6C90D1406}.Debug|Any CPU.ActiveCfg = Debug|Any CPU
		{A95F8458-25ED-4984-B794-E2B6C90D1406}.Debug|Any CPU.Build.0 = Debug|Any CPU
		{A95F8458-25ED-4984-B794-E2B6C90D1406}.ExportDebug|Any CPU.ActiveCfg = ExportDebug|Any CPU
		{A95F8458-25ED-4984-B794-E2B6C90D1406}.ExportDebug|Any CPU.Build.0 = ExportDebug|Any CPU
		{A95F8458-25ED-4984-B794-E2B6C90D1406}.ExportRelease|Any CPU.ActiveCfg = ExportRelease|Any CPU
		{A95F8458-25ED-4984-B794-E2B6C90D1406}.ExportRelease|Any CPU.Build.0 = ExportRelease|Any CPU
	EndGlobalSection
EndGlobal
